
Microsoft Visual Studio Solution File, Format Version 12.00
# Visual Studio Version 16
VisualStudioVersion = 16.0.29230.47
MinimumVisualStudioVersion = 10.0.40219.1
Project("{9A19103F-16F7-4668-BE54-9A1E7A4F7556}") = "Anamnesis", "Anamnesis\Anamnesis.csproj", "{04C21AF7-BD19-4180-A5E0-291E187C0936}"
EndProject
Project("{9A19103F-16F7-4668-BE54-9A1E7A4F7556}") = "UpdateExtractor", "UpdateExtractor\UpdateExtractor.csproj", "{28786A77-C234-43B9-8365-33A70C4A216A}"
EndProject
Global
	GlobalSection(SolutionConfigurationPlatforms) = preSolution
		Debug|Any CPU = Debug|Any CPU
		Debug|x64 = Debug|x64
		Debug|x86 = Debug|x86
		Release|Any CPU = Release|Any CPU
		Release|x64 = Release|x64
		Release|x86 = Release|x86
	EndGlobalSection
	GlobalSection(ProjectConfigurationPlatforms) = postSolution
		{04C21AF7-BD19-4180-A5E0-291E187C0936}.Debug|Any CPU.ActiveCfg = Debug|Any CPU
		{04C21AF7-BD19-4180-A5E0-291E187C0936}.Debug|Any CPU.Build.0 = Debug|Any CPU
		{04C21AF7-BD19-4180-A5E0-291E187C0936}.Debug|x64.ActiveCfg = Debug|Any CPU
		{04C21AF7-BD19-4180-A5E0-291E187C0936}.Debug|x64.Build.0 = Debug|Any CPU
		{04C21AF7-BD19-4180-A5E0-291E187C0936}.Debug|x86.ActiveCfg = Debug|Any CPU
		{04C21AF7-BD19-4180-A5E0-291E187C0936}.Debug|x86.Build.0 = Debug|Any CPU
		{04C21AF7-BD19-4180-A5E0-291E187C0936}.Release|Any CPU.ActiveCfg = Release|Any CPU
		{04C21AF7-BD19-4180-A5E0-291E187C0936}.Release|Any CPU.Build.0 = Release|Any CPU
		{04C21AF7-BD19-4180-A5E0-291E187C0936}.Release|x64.ActiveCfg = Release|Any CPU
		{04C21AF7-BD19-4180-A5E0-291E187C0936}.Release|x64.Build.0 = Release|Any CPU
		{04C21AF7-BD19-4180-A5E0-291E187C0936}.Release|x86.ActiveCfg = Release|Any CPU
		{04C21AF7-BD19-4180-A5E0-291E187C0936}.Release|x86.Build.0 = Release|Any CPU
		{28786A77-C234-43B9-8365-33A70C4A216A}.Debug|Any CPU.ActiveCfg = Debug|Any CPU
		{28786A77-C234-43B9-8365-33A70C4A216A}.Debug|Any CPU.Build.0 = Debug|Any CPU
		{28786A77-C234-43B9-8365-33A70C4A216A}.Debug|x64.ActiveCfg = Debug|Any CPU
		{28786A77-C234-43B9-8365-33A70C4A216A}.Debug|x64.Build.0 = Debug|Any CPU
		{28786A77-C234-43B9-8365-33A70C4A216A}.Debug|x86.ActiveCfg = Debug|Any CPU
		{28786A77-C234-43B9-8365-33A70C4A216A}.Debug|x86.Build.0 = Debug|Any CPU
		{28786A77-C234-43B9-8365-33A70C4A216A}.Release|Any CPU.ActiveCfg = Release|Any CPU
		{28786A77-C234-43B9-8365-33A70C4A216A}.Release|Any CPU.Build.0 = Release|Any CPU
		{28786A77-C234-43B9-8365-33A70C4A216A}.Release|x64.ActiveCfg = Release|Any CPU
		{28786A77-C234-43B9-8365-33A70C4A216A}.Release|x64.Build.0 = Release|Any CPU
		{28786A77-C234-43B9-8365-33A70C4A216A}.Release|x86.ActiveCfg = Release|Any CPU
		{28786A77-C234-43B9-8365-33A70C4A216A}.Release|x86.Build.0 = Release|Any CPU
	EndGlobalSection
	GlobalSection(SolutionProperties) = preSolution
		HideSolutionNode = FALSE
	EndGlobalSection
	GlobalSection(ExtensibilityGlobals) = postSolution
		SolutionGuid = {80787A01-DA91-424D-8871-9EB93B79BD31}
	EndGlobalSection
EndGlobal
