
Microsoft Visual Studio Solution File, Format Version 12.00
# Visual Studio Version 16
VisualStudioVersion = 16.0.29230.47
MinimumVisualStudioVersion = 10.0.40219.1
Project("{2150E333-8FDC-42A3-9474-1A3956D46DE8}") = "Modules", "Modules", "{CB926960-17D7-43DE-BB8A-75ACD5182FF0}"
EndProject
Project("{9A19103F-16F7-4668-BE54-9A1E7A4F7556}") = "SaintCoinach", "Modules\SaintCoinach\SaintCoinach.csproj", "{9AFE6672-89F6-47CA-ABD7-353A5238E98E}"
EndProject
Project("{9A19103F-16F7-4668-BE54-9A1E7A4F7556}") = "Anamnesis", "Anamnesis\Anamnesis.csproj", "{04C21AF7-BD19-4180-A5E0-291E187C0936}"
EndProject
Global
	GlobalSection(SolutionConfigurationPlatforms) = preSolution
		Debug_NoGame|Any CPU = Debug_NoGame|Any CPU
		Debug_NoGame|x64 = Debug_NoGame|x64
		Debug|Any CPU = Debug|Any CPU
		Debug|x64 = Debug|x64
		Release|Any CPU = Release|Any CPU
		Release|x64 = Release|x64
		Release-Unsigned|Any CPU = Release-Unsigned|Any CPU
		Release-Unsigned|x64 = Release-Unsigned|x64
	EndGlobalSection
	GlobalSection(ProjectConfigurationPlatforms) = postSolution
		{9AFE6672-89F6-47CA-ABD7-353A5238E98E}.Debug_NoGame|Any CPU.ActiveCfg = Debug|Any CPU
		{9AFE6672-89F6-47CA-ABD7-353A5238E98E}.Debug_NoGame|Any CPU.Build.0 = Debug|Any CPU
		{9AFE6672-89F6-47CA-ABD7-353A5238E98E}.Debug_NoGame|x64.ActiveCfg = Debug|Any CPU
		{9AFE6672-89F6-47CA-ABD7-353A5238E98E}.Debug_NoGame|x64.Build.0 = Debug|Any CPU
		{9AFE6672-89F6-47CA-ABD7-353A5238E98E}.Debug|Any CPU.ActiveCfg = Debug|Any CPU
		{9AFE6672-89F6-47CA-ABD7-353A5238E98E}.Debug|Any CPU.Build.0 = Debug|Any CPU
		{9AFE6672-89F6-47CA-ABD7-353A5238E98E}.Debug|x64.ActiveCfg = Debug|Any CPU
		{9AFE6672-89F6-47CA-ABD7-353A5238E98E}.Debug|x64.Build.0 = Debug|Any CPU
		{9AFE6672-89F6-47CA-ABD7-353A5238E98E}.Release|Any CPU.ActiveCfg = Release|Any CPU
		{9AFE6672-89F6-47CA-ABD7-353A5238E98E}.Release|Any CPU.Build.0 = Release|Any CPU
		{9AFE6672-89F6-47CA-ABD7-353A5238E98E}.Release|x64.ActiveCfg = Release|Any CPU
		{9AFE6672-89F6-47CA-ABD7-353A5238E98E}.Release|x64.Build.0 = Release|Any CPU
		{9AFE6672-89F6-47CA-ABD7-353A5238E98E}.Release-Unsigned|Any CPU.ActiveCfg = Release|Any CPU
		{9AFE6672-89F6-47CA-ABD7-353A5238E98E}.Release-Unsigned|Any CPU.Build.0 = Release|Any CPU
		{9AFE6672-89F6-47CA-ABD7-353A5238E98E}.Release-Unsigned|x64.ActiveCfg = Release|Any CPU
		{9AFE6672-89F6-47CA-ABD7-353A5238E98E}.Release-Unsigned|x64.Build.0 = Release|Any CPU
		{04C21AF7-BD19-4180-A5E0-291E187C0936}.Debug_NoGame|Any CPU.ActiveCfg = Debug|Any CPU
		{04C21AF7-BD19-4180-A5E0-291E187C0936}.Debug_NoGame|Any CPU.Build.0 = Debug|Any CPU
		{04C21AF7-BD19-4180-A5E0-291E187C0936}.Debug_NoGame|x64.ActiveCfg = Debug|Any CPU
		{04C21AF7-BD19-4180-A5E0-291E187C0936}.Debug_NoGame|x64.Build.0 = Debug|Any CPU
		{04C21AF7-BD19-4180-A5E0-291E187C0936}.Debug|Any CPU.ActiveCfg = Debug|Any CPU
		{04C21AF7-BD19-4180-A5E0-291E187C0936}.Debug|Any CPU.Build.0 = Debug|Any CPU
		{04C21AF7-BD19-4180-A5E0-291E187C0936}.Debug|x64.ActiveCfg = Debug|Any CPU
		{04C21AF7-BD19-4180-A5E0-291E187C0936}.Debug|x64.Build.0 = Debug|Any CPU
		{04C21AF7-BD19-4180-A5E0-291E187C0936}.Release|Any CPU.ActiveCfg = Release|Any CPU
		{04C21AF7-BD19-4180-A5E0-291E187C0936}.Release|Any CPU.Build.0 = Release|Any CPU
		{04C21AF7-BD19-4180-A5E0-291E187C0936}.Release|x64.ActiveCfg = Release|Any CPU
		{04C21AF7-BD19-4180-A5E0-291E187C0936}.Release|x64.Build.0 = Release|Any CPU
		{04C21AF7-BD19-4180-A5E0-291E187C0936}.Release-Unsigned|Any CPU.ActiveCfg = Release|Any CPU
		{04C21AF7-BD19-4180-A5E0-291E187C0936}.Release-Unsigned|Any CPU.Build.0 = Release|Any CPU
		{04C21AF7-BD19-4180-A5E0-291E187C0936}.Release-Unsigned|x64.ActiveCfg = Release|Any CPU
		{04C21AF7-BD19-4180-A5E0-291E187C0936}.Release-Unsigned|x64.Build.0 = Release|Any CPU
	EndGlobalSection
	GlobalSection(SolutionProperties) = preSolution
		HideSolutionNode = FALSE
	EndGlobalSection
	GlobalSection(NestedProjects) = preSolution
		{9AFE6672-89F6-47CA-ABD7-353A5238E98E} = {CB926960-17D7-43DE-BB8A-75ACD5182FF0}
	EndGlobalSection
	GlobalSection(ExtensibilityGlobals) = postSolution
		SolutionGuid = {80787A01-DA91-424D-8871-9EB93B79BD31}
	EndGlobalSection
EndGlobal
