
Microsoft Visual Studio Solution File, Format Version 12.00
# Visual Studio Version 16
VisualStudioVersion = 16.0.29230.47
MinimumVisualStudioVersion = 10.0.40219.1
Project("{9A19103F-16F7-4668-BE54-9A1E7A4F7556}") = "Core", "Core\Core.csproj", "{12021F91-2ADB-4897-9671-356F7D7B77B6}"
EndProject
Project("{2150E333-8FDC-42A3-9474-1A3956D46DE8}") = "Modules", "Modules", "{CB926960-17D7-43DE-BB8A-75ACD5182FF0}"
EndProject
Project("{9A19103F-16F7-4668-BE54-9A1E7A4F7556}") = "PoseModule", "Modules\PoseModule\PoseModule.csproj", "{7E689B8B-1DF7-4F1B-A2A6-1375425D522F}"
EndProject
Project("{9A19103F-16F7-4668-BE54-9A1E7A4F7556}") = "SaintCoinach", "Modules\SaintCoinach\SaintCoinach.csproj", "{9AFE6672-89F6-47CA-ABD7-353A5238E98E}"
EndProject
Project("{9A19103F-16F7-4668-BE54-9A1E7A4F7556}") = "ConceptMatrix3", "ConceptMatrix3\ConceptMatrix3.csproj", "{C0167AFD-D3B9-45F1-A365-E7FAF1C46BA2}"
	ProjectSection(ProjectDependencies) = postProject
		{141C3969-D9C4-4BBC-99B1-72466F4CDCBC} = {141C3969-D9C4-4BBC-99B1-72466F4CDCBC}
		{9AFE6672-89F6-47CA-ABD7-353A5238E98E} = {9AFE6672-89F6-47CA-ABD7-353A5238E98E}
		{9786F47C-B55D-4967-91D8-957991F6CD06} = {9786F47C-B55D-4967-91D8-957991F6CD06}
		{7E689B8B-1DF7-4F1B-A2A6-1375425D522F} = {7E689B8B-1DF7-4F1B-A2A6-1375425D522F}
	EndProjectSection
EndProject
Project("{9A19103F-16F7-4668-BE54-9A1E7A4F7556}") = "Styles", "Styles\Styles.csproj", "{F103C110-7936-49D5-A48C-42AD3324BA5D}"
EndProject
Project("{9A19103F-16F7-4668-BE54-9A1E7A4F7556}") = "Style3D", "Style3D\Style3D.csproj", "{9786F47C-B55D-4967-91D8-957991F6CD06}"
EndProject
Project("{9A19103F-16F7-4668-BE54-9A1E7A4F7556}") = "AppearanceModule", "Modules\AppearanceModule\AppearanceModule.csproj", "{141C3969-D9C4-4BBC-99B1-72466F4CDCBC}"
EndProject
Global
	GlobalSection(SolutionConfigurationPlatforms) = preSolution
		Debug_NoGame|Any CPU = Debug_NoGame|Any CPU
		Debug_NoGame|x64 = Debug_NoGame|x64
		Debug|Any CPU = Debug|Any CPU
		Debug|x64 = Debug|x64
		Release|Any CPU = Release|Any CPU
		Release|x64 = Release|x64
		Release-Unsigned|Any CPU = Release-Unsigned|Any CPU
		Release-Unsigned|x64 = Release-Unsigned|x64
	EndGlobalSection
	GlobalSection(ProjectConfigurationPlatforms) = postSolution
		{12021F91-2ADB-4897-9671-356F7D7B77B6}.Debug_NoGame|Any CPU.ActiveCfg = Debug_NoGame|Any CPU
		{12021F91-2ADB-4897-9671-356F7D7B77B6}.Debug_NoGame|Any CPU.Build.0 = Debug_NoGame|Any CPU
		{12021F91-2ADB-4897-9671-356F7D7B77B6}.Debug_NoGame|x64.ActiveCfg = Debug|Any CPU
		{12021F91-2ADB-4897-9671-356F7D7B77B6}.Debug_NoGame|x64.Build.0 = Debug|Any CPU
		{12021F91-2ADB-4897-9671-356F7D7B77B6}.Debug|Any CPU.ActiveCfg = Debug|Any CPU
		{12021F91-2ADB-4897-9671-356F7D7B77B6}.Debug|Any CPU.Build.0 = Debug|Any CPU
		{12021F91-2ADB-4897-9671-356F7D7B77B6}.Debug|x64.ActiveCfg = Debug|Any CPU
		{12021F91-2ADB-4897-9671-356F7D7B77B6}.Debug|x64.Build.0 = Debug|Any CPU
		{12021F91-2ADB-4897-9671-356F7D7B77B6}.Release|Any CPU.ActiveCfg = Release|Any CPU
		{12021F91-2ADB-4897-9671-356F7D7B77B6}.Release|Any CPU.Build.0 = Release|Any CPU
		{12021F91-2ADB-4897-9671-356F7D7B77B6}.Release|x64.ActiveCfg = Release|Any CPU
		{12021F91-2ADB-4897-9671-356F7D7B77B6}.Release|x64.Build.0 = Release|Any CPU
		{12021F91-2ADB-4897-9671-356F7D7B77B6}.Release-Unsigned|Any CPU.ActiveCfg = Release|Any CPU
		{12021F91-2ADB-4897-9671-356F7D7B77B6}.Release-Unsigned|Any CPU.Build.0 = Release|Any CPU
		{12021F91-2ADB-4897-9671-356F7D7B77B6}.Release-Unsigned|x64.ActiveCfg = Release|Any CPU
		{12021F91-2ADB-4897-9671-356F7D7B77B6}.Release-Unsigned|x64.Build.0 = Release|Any CPU
		{7E689B8B-1DF7-4F1B-A2A6-1375425D522F}.Debug_NoGame|Any CPU.ActiveCfg = Debug|Any CPU
		{7E689B8B-1DF7-4F1B-A2A6-1375425D522F}.Debug_NoGame|Any CPU.Build.0 = Debug|Any CPU
		{7E689B8B-1DF7-4F1B-A2A6-1375425D522F}.Debug_NoGame|x64.ActiveCfg = Debug|Any CPU
		{7E689B8B-1DF7-4F1B-A2A6-1375425D522F}.Debug_NoGame|x64.Build.0 = Debug|Any CPU
		{7E689B8B-1DF7-4F1B-A2A6-1375425D522F}.Debug|Any CPU.ActiveCfg = Debug|Any CPU
		{7E689B8B-1DF7-4F1B-A2A6-1375425D522F}.Debug|Any CPU.Build.0 = Debug|Any CPU
		{7E689B8B-1DF7-4F1B-A2A6-1375425D522F}.Debug|x64.ActiveCfg = Debug|Any CPU
		{7E689B8B-1DF7-4F1B-A2A6-1375425D522F}.Debug|x64.Build.0 = Debug|Any CPU
		{7E689B8B-1DF7-4F1B-A2A6-1375425D522F}.Release|Any CPU.ActiveCfg = Release|Any CPU
		{7E689B8B-1DF7-4F1B-A2A6-1375425D522F}.Release|Any CPU.Build.0 = Release|Any CPU
		{7E689B8B-1DF7-4F1B-A2A6-1375425D522F}.Release|x64.ActiveCfg = Release|Any CPU
		{7E689B8B-1DF7-4F1B-A2A6-1375425D522F}.Release|x64.Build.0 = Release|Any CPU
		{7E689B8B-1DF7-4F1B-A2A6-1375425D522F}.Release-Unsigned|Any CPU.ActiveCfg = Release|Any CPU
		{7E689B8B-1DF7-4F1B-A2A6-1375425D522F}.Release-Unsigned|Any CPU.Build.0 = Release|Any CPU
		{7E689B8B-1DF7-4F1B-A2A6-1375425D522F}.Release-Unsigned|x64.ActiveCfg = Release|Any CPU
		{7E689B8B-1DF7-4F1B-A2A6-1375425D522F}.Release-Unsigned|x64.Build.0 = Release|Any CPU
		{9AFE6672-89F6-47CA-ABD7-353A5238E98E}.Debug_NoGame|Any CPU.ActiveCfg = Debug|Any CPU
		{9AFE6672-89F6-47CA-ABD7-353A5238E98E}.Debug_NoGame|Any CPU.Build.0 = Debug|Any CPU
		{9AFE6672-89F6-47CA-ABD7-353A5238E98E}.Debug_NoGame|x64.ActiveCfg = Debug|Any CPU
		{9AFE6672-89F6-47CA-ABD7-353A5238E98E}.Debug_NoGame|x64.Build.0 = Debug|Any CPU
		{9AFE6672-89F6-47CA-ABD7-353A5238E98E}.Debug|Any CPU.ActiveCfg = Debug|Any CPU
		{9AFE6672-89F6-47CA-ABD7-353A5238E98E}.Debug|Any CPU.Build.0 = Debug|Any CPU
		{9AFE6672-89F6-47CA-ABD7-353A5238E98E}.Debug|x64.ActiveCfg = Debug|Any CPU
		{9AFE6672-89F6-47CA-ABD7-353A5238E98E}.Debug|x64.Build.0 = Debug|Any CPU
		{9AFE6672-89F6-47CA-ABD7-353A5238E98E}.Release|Any CPU.ActiveCfg = Release|Any CPU
		{9AFE6672-89F6-47CA-ABD7-353A5238E98E}.Release|Any CPU.Build.0 = Release|Any CPU
		{9AFE6672-89F6-47CA-ABD7-353A5238E98E}.Release|x64.ActiveCfg = Release|Any CPU
		{9AFE6672-89F6-47CA-ABD7-353A5238E98E}.Release|x64.Build.0 = Release|Any CPU
		{9AFE6672-89F6-47CA-ABD7-353A5238E98E}.Release-Unsigned|Any CPU.ActiveCfg = Release|Any CPU
		{9AFE6672-89F6-47CA-ABD7-353A5238E98E}.Release-Unsigned|Any CPU.Build.0 = Release|Any CPU
		{9AFE6672-89F6-47CA-ABD7-353A5238E98E}.Release-Unsigned|x64.ActiveCfg = Release|Any CPU
		{9AFE6672-89F6-47CA-ABD7-353A5238E98E}.Release-Unsigned|x64.Build.0 = Release|Any CPU
		{C0167AFD-D3B9-45F1-A365-E7FAF1C46BA2}.Debug_NoGame|Any CPU.ActiveCfg = Debug|Any CPU
		{C0167AFD-D3B9-45F1-A365-E7FAF1C46BA2}.Debug_NoGame|Any CPU.Build.0 = Debug|Any CPU
		{C0167AFD-D3B9-45F1-A365-E7FAF1C46BA2}.Debug_NoGame|x64.ActiveCfg = Debug|Any CPU
		{C0167AFD-D3B9-45F1-A365-E7FAF1C46BA2}.Debug_NoGame|x64.Build.0 = Debug|Any CPU
		{C0167AFD-D3B9-45F1-A365-E7FAF1C46BA2}.Debug|Any CPU.ActiveCfg = Debug|Any CPU
		{C0167AFD-D3B9-45F1-A365-E7FAF1C46BA2}.Debug|Any CPU.Build.0 = Debug|Any CPU
		{C0167AFD-D3B9-45F1-A365-E7FAF1C46BA2}.Debug|x64.ActiveCfg = Debug|Any CPU
		{C0167AFD-D3B9-45F1-A365-E7FAF1C46BA2}.Debug|x64.Build.0 = Debug|Any CPU
		{C0167AFD-D3B9-45F1-A365-E7FAF1C46BA2}.Release|Any CPU.ActiveCfg = Release|Any CPU
		{C0167AFD-D3B9-45F1-A365-E7FAF1C46BA2}.Release|Any CPU.Build.0 = Release|Any CPU
		{C0167AFD-D3B9-45F1-A365-E7FAF1C46BA2}.Release|x64.ActiveCfg = Release|Any CPU
		{C0167AFD-D3B9-45F1-A365-E7FAF1C46BA2}.Release|x64.Build.0 = Release|Any CPU
		{C0167AFD-D3B9-45F1-A365-E7FAF1C46BA2}.Release-Unsigned|Any CPU.ActiveCfg = Release|Any CPU
		{C0167AFD-D3B9-45F1-A365-E7FAF1C46BA2}.Release-Unsigned|Any CPU.Build.0 = Release|Any CPU
		{C0167AFD-D3B9-45F1-A365-E7FAF1C46BA2}.Release-Unsigned|x64.ActiveCfg = Release|Any CPU
		{C0167AFD-D3B9-45F1-A365-E7FAF1C46BA2}.Release-Unsigned|x64.Build.0 = Release|Any CPU
		{F103C110-7936-49D5-A48C-42AD3324BA5D}.Debug_NoGame|Any CPU.ActiveCfg = Debug|Any CPU
		{F103C110-7936-49D5-A48C-42AD3324BA5D}.Debug_NoGame|Any CPU.Build.0 = Debug|Any CPU
		{F103C110-7936-49D5-A48C-42AD3324BA5D}.Debug_NoGame|x64.ActiveCfg = Debug|Any CPU
		{F103C110-7936-49D5-A48C-42AD3324BA5D}.Debug_NoGame|x64.Build.0 = Debug|Any CPU
		{F103C110-7936-49D5-A48C-42AD3324BA5D}.Debug|Any CPU.ActiveCfg = Debug|Any CPU
		{F103C110-7936-49D5-A48C-42AD3324BA5D}.Debug|Any CPU.Build.0 = Debug|Any CPU
		{F103C110-7936-49D5-A48C-42AD3324BA5D}.Debug|x64.ActiveCfg = Debug|Any CPU
		{F103C110-7936-49D5-A48C-42AD3324BA5D}.Debug|x64.Build.0 = Debug|Any CPU
		{F103C110-7936-49D5-A48C-42AD3324BA5D}.Release|Any CPU.ActiveCfg = Release|Any CPU
		{F103C110-7936-49D5-A48C-42AD3324BA5D}.Release|Any CPU.Build.0 = Release|Any CPU
		{F103C110-7936-49D5-A48C-42AD3324BA5D}.Release|x64.ActiveCfg = Release|Any CPU
		{F103C110-7936-49D5-A48C-42AD3324BA5D}.Release|x64.Build.0 = Release|Any CPU
		{F103C110-7936-49D5-A48C-42AD3324BA5D}.Release-Unsigned|Any CPU.ActiveCfg = Release|Any CPU
		{F103C110-7936-49D5-A48C-42AD3324BA5D}.Release-Unsigned|Any CPU.Build.0 = Release|Any CPU
		{F103C110-7936-49D5-A48C-42AD3324BA5D}.Release-Unsigned|x64.ActiveCfg = Release|Any CPU
		{F103C110-7936-49D5-A48C-42AD3324BA5D}.Release-Unsigned|x64.Build.0 = Release|Any CPU
		{9786F47C-B55D-4967-91D8-957991F6CD06}.Debug_NoGame|Any CPU.ActiveCfg = Debug|Any CPU
		{9786F47C-B55D-4967-91D8-957991F6CD06}.Debug_NoGame|Any CPU.Build.0 = Debug|Any CPU
		{9786F47C-B55D-4967-91D8-957991F6CD06}.Debug_NoGame|x64.ActiveCfg = Debug|Any CPU
		{9786F47C-B55D-4967-91D8-957991F6CD06}.Debug_NoGame|x64.Build.0 = Debug|Any CPU
		{9786F47C-B55D-4967-91D8-957991F6CD06}.Debug|Any CPU.ActiveCfg = Debug|Any CPU
		{9786F47C-B55D-4967-91D8-957991F6CD06}.Debug|Any CPU.Build.0 = Debug|Any CPU
		{9786F47C-B55D-4967-91D8-957991F6CD06}.Debug|x64.ActiveCfg = Debug|Any CPU
		{9786F47C-B55D-4967-91D8-957991F6CD06}.Debug|x64.Build.0 = Debug|Any CPU
		{9786F47C-B55D-4967-91D8-957991F6CD06}.Release|Any CPU.ActiveCfg = Release|Any CPU
		{9786F47C-B55D-4967-91D8-957991F6CD06}.Release|Any CPU.Build.0 = Release|Any CPU
		{9786F47C-B55D-4967-91D8-957991F6CD06}.Release|x64.ActiveCfg = Release|Any CPU
		{9786F47C-B55D-4967-91D8-957991F6CD06}.Release|x64.Build.0 = Release|Any CPU
		{9786F47C-B55D-4967-91D8-957991F6CD06}.Release-Unsigned|Any CPU.ActiveCfg = Release|Any CPU
		{9786F47C-B55D-4967-91D8-957991F6CD06}.Release-Unsigned|Any CPU.Build.0 = Release|Any CPU
		{9786F47C-B55D-4967-91D8-957991F6CD06}.Release-Unsigned|x64.ActiveCfg = Release|Any CPU
		{9786F47C-B55D-4967-91D8-957991F6CD06}.Release-Unsigned|x64.Build.0 = Release|Any CPU
		{141C3969-D9C4-4BBC-99B1-72466F4CDCBC}.Debug_NoGame|Any CPU.ActiveCfg = Debug|Any CPU
		{141C3969-D9C4-4BBC-99B1-72466F4CDCBC}.Debug_NoGame|Any CPU.Build.0 = Debug|Any CPU
		{141C3969-D9C4-4BBC-99B1-72466F4CDCBC}.Debug_NoGame|x64.ActiveCfg = Debug|Any CPU
		{141C3969-D9C4-4BBC-99B1-72466F4CDCBC}.Debug_NoGame|x64.Build.0 = Debug|Any CPU
		{141C3969-D9C4-4BBC-99B1-72466F4CDCBC}.Debug|Any CPU.ActiveCfg = Debug|Any CPU
		{141C3969-D9C4-4BBC-99B1-72466F4CDCBC}.Debug|Any CPU.Build.0 = Debug|Any CPU
		{141C3969-D9C4-4BBC-99B1-72466F4CDCBC}.Debug|x64.ActiveCfg = Debug|Any CPU
		{141C3969-D9C4-4BBC-99B1-72466F4CDCBC}.Debug|x64.Build.0 = Debug|Any CPU
		{141C3969-D9C4-4BBC-99B1-72466F4CDCBC}.Release|Any CPU.ActiveCfg = Release|Any CPU
		{141C3969-D9C4-4BBC-99B1-72466F4CDCBC}.Release|Any CPU.Build.0 = Release|Any CPU
		{141C3969-D9C4-4BBC-99B1-72466F4CDCBC}.Release|x64.ActiveCfg = Release|Any CPU
		{141C3969-D9C4-4BBC-99B1-72466F4CDCBC}.Release|x64.Build.0 = Release|Any CPU
		{141C3969-D9C4-4BBC-99B1-72466F4CDCBC}.Release-Unsigned|Any CPU.ActiveCfg = Release|Any CPU
		{141C3969-D9C4-4BBC-99B1-72466F4CDCBC}.Release-Unsigned|Any CPU.Build.0 = Release|Any CPU
		{141C3969-D9C4-4BBC-99B1-72466F4CDCBC}.Release-Unsigned|x64.ActiveCfg = Release|Any CPU
		{141C3969-D9C4-4BBC-99B1-72466F4CDCBC}.Release-Unsigned|x64.Build.0 = Release|Any CPU
	EndGlobalSection
	GlobalSection(SolutionProperties) = preSolution
		HideSolutionNode = FALSE
	EndGlobalSection
	GlobalSection(NestedProjects) = preSolution
		{7E689B8B-1DF7-4F1B-A2A6-1375425D522F} = {CB926960-17D7-43DE-BB8A-75ACD5182FF0}
		{9AFE6672-89F6-47CA-ABD7-353A5238E98E} = {CB926960-17D7-43DE-BB8A-75ACD5182FF0}
		{141C3969-D9C4-4BBC-99B1-72466F4CDCBC} = {CB926960-17D7-43DE-BB8A-75ACD5182FF0}
	EndGlobalSection
	GlobalSection(ExtensibilityGlobals) = postSolution
		SolutionGuid = {80787A01-DA91-424D-8871-9EB93B79BD31}
	EndGlobalSection
EndGlobal
